
Microsoft Visual Studio Solution File, Format Version 12.00
# Visual Studio Version 17
VisualStudioVersion = 17.11.35327.3
MinimumVisualStudioVersion = 10.0.40219.1
Project("{FAE04EC0-301F-11D3-BF4B-00C04F79EFBC}") = "NetworkServiceProvider", "NetworkServiceProvider\NetworkServiceProvider.csproj", "{5839148E-66B2-4BEA-B20C-4146BDA09CE8}"
EndProject
Global
	GlobalSection(SolutionConfigurationPlatforms) = preSolution
		Debug|Any CPU = Debug|Any CPU
		Release|Any CPU = Release|Any CPU
	EndGlobalSection
	GlobalSection(ProjectConfigurationPlatforms) = postSolution
		{5839148E-66B2-4BEA-B20C-4146BDA09CE8}.Debug|Any CPU.ActiveCfg = Debug|Any CPU
		{5839148E-66B2-4BEA-B20C-4146BDA09CE8}.Debug|Any CPU.Build.0 = Debug|Any CPU
		{5839148E-66B2-4BEA-B20C-4146BDA09CE8}.Release|Any CPU.ActiveCfg = Release|Any CPU
		{5839148E-66B2-4BEA-B20C-4146BDA09CE8}.Release|Any CPU.Build.0 = Release|Any CPU
	EndGlobalSection
	GlobalSection(SolutionProperties) = preSolution
		HideSolutionNode = FALSE
	EndGlobalSection
	GlobalSection(ExtensibilityGlobals) = postSolution
		SolutionGuid = {43DD4C61-5274-44EE-A380-29A6261442D0}
	EndGlobalSection
EndGlobal
